
Microsoft Visual Studio Solution File, Format Version 12.00
# Visual Studio 15
VisualStudioVersion = 15.0.28010.2036
MinimumVisualStudioVersion = 10.0.40219.1
Project("{FAE04EC0-301F-11D3-BF4B-00C04F79EFBC}") = "MainConsole", "ConsoleApp1\MainConsole.csproj", "{B2C2B150-EDBE-4941-A3A4-75E02CA1E00C}"
EndProject
Project("{FAE04EC0-301F-11D3-BF4B-00C04F79EFBC}") = "Collection", "Collection\Collection.csproj", "{510A5BA3-692A-4CD2-9145-712020C9E022}"
EndProject
Project("{FAE04EC0-301F-11D3-BF4B-00C04F79EFBC}") = "WindowsForms", "WindowsForms\WindowsForms.csproj", "{456E0101-335C-4ECC-9404-5CC95EBC9695}"
EndProject
Global
	GlobalSection(SolutionConfigurationPlatforms) = preSolution
		Debug|Any CPU = Debug|Any CPU
		Release|Any CPU = Release|Any CPU
	EndGlobalSection
	GlobalSection(ProjectConfigurationPlatforms) = postSolution
		{B2C2B150-EDBE-4941-A3A4-75E02CA1E00C}.Debug|Any CPU.ActiveCfg = Debug|Any CPU
		{B2C2B150-EDBE-4941-A3A4-75E02CA1E00C}.Debug|Any CPU.Build.0 = Debug|Any CPU
		{B2C2B150-EDBE-4941-A3A4-75E02CA1E00C}.Release|Any CPU.ActiveCfg = Release|Any CPU
		{B2C2B150-EDBE-4941-A3A4-75E02CA1E00C}.Release|Any CPU.Build.0 = Release|Any CPU
		{510A5BA3-692A-4CD2-9145-712020C9E022}.Debug|Any CPU.ActiveCfg = Debug|Any CPU
		{510A5BA3-692A-4CD2-9145-712020C9E022}.Debug|Any CPU.Build.0 = Debug|Any CPU
		{510A5BA3-692A-4CD2-9145-712020C9E022}.Release|Any CPU.ActiveCfg = Release|Any CPU
		{510A5BA3-692A-4CD2-9145-712020C9E022}.Release|Any CPU.Build.0 = Release|Any CPU
		{456E0101-335C-4ECC-9404-5CC95EBC9695}.Debug|Any CPU.ActiveCfg = Debug|Any CPU
		{456E0101-335C-4ECC-9404-5CC95EBC9695}.Debug|Any CPU.Build.0 = Debug|Any CPU
		{456E0101-335C-4ECC-9404-5CC95EBC9695}.Release|Any CPU.ActiveCfg = Release|Any CPU
		{456E0101-335C-4ECC-9404-5CC95EBC9695}.Release|Any CPU.Build.0 = Release|Any CPU
	EndGlobalSection
	GlobalSection(SolutionProperties) = preSolution
		HideSolutionNode = FALSE
	EndGlobalSection
	GlobalSection(ExtensibilityGlobals) = postSolution
		SolutionGuid = {5A9DAED4-C79D-4E80-94C5-9DD0920FD71A}
	EndGlobalSection
EndGlobal
